
Microsoft Visual Studio Solution File, Format Version 12.00
# Visual Studio Version 16
VisualStudioVersion = 16.0.31321.278
MinimumVisualStudioVersion = 10.0.40219.1
Project("{9A19103F-16F7-4668-BE54-9A1E7A4F7556}") = "ConcernsCaseWork", "ConcernsCaseWork\ConcernsCaseWork.csproj", "{3A7D75FE-FB97-4CE8-A234-76A0BA618C20}"
EndProject
Project("{9A19103F-16F7-4668-BE54-9A1E7A4F7556}") = "ConcernsCaseWork.Tests", "ConcernsCaseWork.Tests\ConcernsCaseWork.Tests.csproj", "{1F53107D-4787-448F-806B-E5EA57D0BF90}"
EndProject
Project("{9A19103F-16F7-4668-BE54-9A1E7A4F7556}") = "Service.TRAMS", "Service.TRAMS\Service.TRAMS.csproj", "{28DCC808-54DF-43F3-9F1B-4F126B679CFC}"
EndProject
Project("{9A19103F-16F7-4668-BE54-9A1E7A4F7556}") = "Service.TRAMS.Tests", "Service.TRAMS.Tests\Service.TRAMS.Tests.csproj", "{648B68C6-27EE-4211-BC27-49D8E146829C}"
EndProject
Project("{9A19103F-16F7-4668-BE54-9A1E7A4F7556}") = "Service.Redis", "Service.Redis\Service.Redis.csproj", "{E340BEC0-5744-459A-99B7-B0339D38F647}"
EndProject
Project("{9A19103F-16F7-4668-BE54-9A1E7A4F7556}") = "Service.Redis.Tests", "Service.Redis.Tests\Service.Redis.Tests.csproj", "{C40689B1-9551-4364-91CB-FA8CD55F11BA}"
EndProject
Project("{9A19103F-16F7-4668-BE54-9A1E7A4F7556}") = "ConcernsCaseWork.Integration.Tests", "ConcernsCaseWork.Integration.Tests\ConcernsCaseWork.Integration.Tests.csproj", "{770CC7CC-FCA7-4A12-B677-35FE458B8B54}"
EndProject
Project("{9A19103F-16F7-4668-BE54-9A1E7A4F7556}") = "ConcernsCaseWork.Shared.Tests", "ConcernsCaseWork.Shared.Tests\ConcernsCaseWork.Shared.Tests.csproj", "{E1460CF0-2592-4B5A-AC7A-D7B66FEDC3E0}"
EndProject
Global
	GlobalSection(SolutionConfigurationPlatforms) = preSolution
		Debug|Any CPU = Debug|Any CPU
		Release|Any CPU = Release|Any CPU
	EndGlobalSection
	GlobalSection(ProjectConfigurationPlatforms) = postSolution
		{3A7D75FE-FB97-4CE8-A234-76A0BA618C20}.Debug|Any CPU.ActiveCfg = Debug|Any CPU
		{3A7D75FE-FB97-4CE8-A234-76A0BA618C20}.Debug|Any CPU.Build.0 = Debug|Any CPU
		{3A7D75FE-FB97-4CE8-A234-76A0BA618C20}.Release|Any CPU.ActiveCfg = Release|Any CPU
		{3A7D75FE-FB97-4CE8-A234-76A0BA618C20}.Release|Any CPU.Build.0 = Release|Any CPU
		{1F53107D-4787-448F-806B-E5EA57D0BF90}.Debug|Any CPU.ActiveCfg = Debug|Any CPU
		{1F53107D-4787-448F-806B-E5EA57D0BF90}.Debug|Any CPU.Build.0 = Debug|Any CPU
		{1F53107D-4787-448F-806B-E5EA57D0BF90}.Release|Any CPU.ActiveCfg = Release|Any CPU
		{1F53107D-4787-448F-806B-E5EA57D0BF90}.Release|Any CPU.Build.0 = Release|Any CPU
		{28DCC808-54DF-43F3-9F1B-4F126B679CFC}.Debug|Any CPU.ActiveCfg = Debug|Any CPU
		{28DCC808-54DF-43F3-9F1B-4F126B679CFC}.Debug|Any CPU.Build.0 = Debug|Any CPU
		{28DCC808-54DF-43F3-9F1B-4F126B679CFC}.Release|Any CPU.ActiveCfg = Release|Any CPU
		{28DCC808-54DF-43F3-9F1B-4F126B679CFC}.Release|Any CPU.Build.0 = Release|Any CPU
		{648B68C6-27EE-4211-BC27-49D8E146829C}.Debug|Any CPU.ActiveCfg = Debug|Any CPU
		{648B68C6-27EE-4211-BC27-49D8E146829C}.Debug|Any CPU.Build.0 = Debug|Any CPU
		{648B68C6-27EE-4211-BC27-49D8E146829C}.Release|Any CPU.ActiveCfg = Release|Any CPU
		{648B68C6-27EE-4211-BC27-49D8E146829C}.Release|Any CPU.Build.0 = Release|Any CPU
		{E340BEC0-5744-459A-99B7-B0339D38F647}.Debug|Any CPU.ActiveCfg = Debug|Any CPU
		{E340BEC0-5744-459A-99B7-B0339D38F647}.Debug|Any CPU.Build.0 = Debug|Any CPU
		{E340BEC0-5744-459A-99B7-B0339D38F647}.Release|Any CPU.ActiveCfg = Release|Any CPU
		{E340BEC0-5744-459A-99B7-B0339D38F647}.Release|Any CPU.Build.0 = Release|Any CPU
		{C40689B1-9551-4364-91CB-FA8CD55F11BA}.Debug|Any CPU.ActiveCfg = Debug|Any CPU
		{C40689B1-9551-4364-91CB-FA8CD55F11BA}.Debug|Any CPU.Build.0 = Debug|Any CPU
		{C40689B1-9551-4364-91CB-FA8CD55F11BA}.Release|Any CPU.ActiveCfg = Release|Any CPU
		{C40689B1-9551-4364-91CB-FA8CD55F11BA}.Release|Any CPU.Build.0 = Release|Any CPU
		{770CC7CC-FCA7-4A12-B677-35FE458B8B54}.Debug|Any CPU.ActiveCfg = Debug|Any CPU
		{770CC7CC-FCA7-4A12-B677-35FE458B8B54}.Debug|Any CPU.Build.0 = Debug|Any CPU
		{770CC7CC-FCA7-4A12-B677-35FE458B8B54}.Release|Any CPU.ActiveCfg = Release|Any CPU
		{770CC7CC-FCA7-4A12-B677-35FE458B8B54}.Release|Any CPU.Build.0 = Release|Any CPU
		{E1460CF0-2592-4B5A-AC7A-D7B66FEDC3E0}.Debug|Any CPU.ActiveCfg = Debug|Any CPU
		{E1460CF0-2592-4B5A-AC7A-D7B66FEDC3E0}.Debug|Any CPU.Build.0 = Debug|Any CPU
		{E1460CF0-2592-4B5A-AC7A-D7B66FEDC3E0}.Release|Any CPU.ActiveCfg = Release|Any CPU
		{E1460CF0-2592-4B5A-AC7A-D7B66FEDC3E0}.Release|Any CPU.Build.0 = Release|Any CPU
	EndGlobalSection
	GlobalSection(SolutionProperties) = preSolution
		HideSolutionNode = FALSE
	EndGlobalSection
	GlobalSection(ExtensibilityGlobals) = postSolution
		SolutionGuid = {5BEA9A4B-6448-415F-BBF7-A04C205256E5}
	EndGlobalSection
EndGlobal
